
Microsoft Visual Studio Solution File, Format Version 12.00
# Visual Studio Version 16
VisualStudioVersion = 16.0.33027.164
MinimumVisualStudioVersion = 10.0.40219.1
Project("{FAE04EC0-301F-11D3-BF4B-00C04F79EFBC}") = "TestMain", "TestMain.csproj", "{89480B16-FDBD-47F9-A9E5-C6F5C7DF5619}"
EndProject
Global
	GlobalSection(SolutionConfigurationPlatforms) = preSolution
		Debug|Any CPU = Debug|Any CPU
		Release|Any CPU = Release|Any CPU
	EndGlobalSection
	GlobalSection(ProjectConfigurationPlatforms) = postSolution
		{89480B16-FDBD-47F9-A9E5-C6F5C7DF5619}.Debug|Any CPU.ActiveCfg = Debug|Any CPU
		{89480B16-FDBD-47F9-A9E5-C6F5C7DF5619}.Debug|Any CPU.Build.0 = Debug|Any CPU
		{89480B16-FDBD-47F9-A9E5-C6F5C7DF5619}.Release|Any CPU.ActiveCfg = Release|Any CPU
		{89480B16-FDBD-47F9-A9E5-C6F5C7DF5619}.Release|Any CPU.Build.0 = Release|Any CPU
	EndGlobalSection
	GlobalSection(SolutionProperties) = preSolution
		HideSolutionNode = FALSE
	EndGlobalSection
	GlobalSection(ExtensibilityGlobals) = postSolution
		SolutionGuid = {A647E2B4-7EDE-4DDE-B924-51CF8A735D01}
	EndGlobalSection
EndGlobal
